
Microsoft Visual Studio Solution File, Format Version 12.00
# Visual Studio 15
Project("{FAE04EC0-301F-11D3-BF4B-00C04F79EFBC}") = "Assembly-CSharp", "Assembly-CSharp.csproj", "{574E8E67-E97D-A97C-DCA7-2E11FE237404}"
EndProject
Project("{FAE04EC0-301F-11D3-BF4B-00C04F79EFBC}") = "Assembly-CSharp-Editor", "Assembly-CSharp-Editor.csproj", "{DA0DB40E-53FD-6001-C94B-43CB5A35300E}"
EndProject
Global
	GlobalSection(SolutionConfigurationPlatforms) = preSolution
		Debug|Any CPU = Debug|Any CPU
		Release|Any CPU = Release|Any CPU
	EndGlobalSection
	GlobalSection(ProjectConfigurationPlatforms) = postSolution
		{574E8E67-E97D-A97C-DCA7-2E11FE237404}.Debug|Any CPU.ActiveCfg = Debug|Any CPU
		{574E8E67-E97D-A97C-DCA7-2E11FE237404}.Debug|Any CPU.Build.0 = Debug|Any CPU
		{574E8E67-E97D-A97C-DCA7-2E11FE237404}.Release|Any CPU.ActiveCfg = Release|Any CPU
		{574E8E67-E97D-A97C-DCA7-2E11FE237404}.Release|Any CPU.Build.0 = Release|Any CPU
		{DA0DB40E-53FD-6001-C94B-43CB5A35300E}.Debug|Any CPU.ActiveCfg = Debug|Any CPU
		{DA0DB40E-53FD-6001-C94B-43CB5A35300E}.Debug|Any CPU.Build.0 = Debug|Any CPU
		{DA0DB40E-53FD-6001-C94B-43CB5A35300E}.Release|Any CPU.ActiveCfg = Release|Any CPU
		{DA0DB40E-53FD-6001-C94B-43CB5A35300E}.Release|Any CPU.Build.0 = Release|Any CPU
	EndGlobalSection
	GlobalSection(SolutionProperties) = preSolution
		HideSolutionNode = FALSE
	EndGlobalSection
EndGlobal
